// !$*UTF8*$!
{
	archiveVersion = 1;
	classes = {
	};
	objectVersion = 46;
	objects = {

/* Begin PBXBuildFile section */
		781B15841954823C0003CA5A /* AppDelegate.swift in Sources */ = {isa = PBXBuildFile; fileRef = 781B15831954823C0003CA5A /* AppDelegate.swift */; };
		781B15861954823C0003CA5A /* GameScene.sks in Resources */ = {isa = PBXBuildFile; fileRef = 781B15851954823C0003CA5A /* GameScene.sks */; };
		781B15881954823C0003CA5A /* GameScene.swift in Sources */ = {isa = PBXBuildFile; fileRef = 781B15871954823C0003CA5A /* GameScene.swift */; };
		781B158A1954823C0003CA5A /* GameViewController.swift in Sources */ = {isa = PBXBuildFile; fileRef = 781B15891954823C0003CA5A /* GameViewController.swift */; };
		781B158D1954823C0003CA5A /* Main.storyboard in Resources */ = {isa = PBXBuildFile; fileRef = 781B158B1954823C0003CA5A /* Main.storyboard */; };
		781B158F1954823C0003CA5A /* Images.xcassets in Resources */ = {isa = PBXBuildFile; fileRef = 781B158E1954823C0003CA5A /* Images.xcassets */; };
		781B159B1954823D0003CA5A /* SkiptaculousTests.swift in Sources */ = {isa = PBXBuildFile; fileRef = 781B159A1954823D0003CA5A /* SkiptaculousTests.swift */; };
		78BB6AF819548B030016686C /* UIColorExtension.swift in Sources */ = {isa = PBXBuildFile; fileRef = 78BB6AF719548B030016686C /* UIColorExtension.swift */; };
		78BB6AFA19548C280016686C /* PlayScene.swift in Sources */ = {isa = PBXBuildFile; fileRef = 78BB6AF919548C280016686C /* PlayScene.swift */; };
		78D9A4D219549BC200DD9659 /* BlockStatus.swift in Sources */ = {isa = PBXBuildFile; fileRef = 78D9A4D119549BC200DD9659 /* BlockStatus.swift */; };
/* End PBXBuildFile section */

/* Begin PBXContainerItemProxy section */
		781B15951954823D0003CA5A /* PBXContainerItemProxy */ = {
			isa = PBXContainerItemProxy;
			containerPortal = 781B15761954823C0003CA5A /* Project object */;
			proxyType = 1;
			remoteGlobalIDString = 781B157D1954823C0003CA5A;
			remoteInfo = Skiptaculous;
		};
/* End PBXContainerItemProxy section */

/* Begin PBXFileReference section */
		781B157E1954823C0003CA5A /* Skiptaculous.app */ = {isa = PBXFileReference; explicitFileType = wrapper.application; includeInIndex = 0; path = Skiptaculous.app; sourceTree = BUILT_PRODUCTS_DIR; };
		781B15821954823C0003CA5A /* Info.plist */ = {isa = PBXFileReference; lastKnownFileType = text.plist.xml; path = Info.plist; sourceTree = "<group>"; };
		781B15831954823C0003CA5A /* AppDelegate.swift */ = {isa = PBXFileReference; lastKnownFileType = sourcecode.swift; path = AppDelegate.swift; sourceTree = "<group>"; };
		781B15851954823C0003CA5A /* GameScene.sks */ = {isa = PBXFileReference; lastKnownFileType = file.sks; path = GameScene.sks; sourceTree = "<group>"; };
		781B15871954823C0003CA5A /* GameScene.swift */ = {isa = PBXFileReference; lastKnownFileType = sourcecode.swift; path = GameScene.swift; sourceTree = "<group>"; };
		781B15891954823C0003CA5A /* GameViewController.swift */ = {isa = PBXFileReference; lastKnownFileType = sourcecode.swift; path = GameViewController.swift; sourceTree = "<group>"; };
		781B158C1954823C0003CA5A /* Base */ = {isa = PBXFileReference; lastKnownFileType = file.storyboard; name = Base; path = Base.lproj/Main.storyboard; sourceTree = "<group>"; };
		781B158E1954823C0003CA5A /* Images.xcassets */ = {isa = PBXFileReference; lastKnownFileType = folder.assetcatalog; path = Images.xcassets; sourceTree = "<group>"; };
		781B15941954823C0003CA5A /* SkiptaculousTests.xctest */ = {isa = PBXFileReference; explicitFileType = wrapper.cfbundle; includeInIndex = 0; path = SkiptaculousTests.xctest; sourceTree = BUILT_PRODUCTS_DIR; };
		781B15991954823D0003CA5A /* Info.plist */ = {isa = PBXFileReference; lastKnownFileType = text.plist.xml; path = Info.plist; sourceTree = "<group>"; };
		781B159A1954823D0003CA5A /* SkiptaculousTests.swift */ = {isa = PBXFileReference; lastKnownFileType = sourcecode.swift; path = SkiptaculousTests.swift; sourceTree = "<group>"; };
		78BB6AF719548B030016686C /* UIColorExtension.swift */ = {isa = PBXFileReference; fileEncoding = 4; lastKnownFileType = sourcecode.swift; path = UIColorExtension.swift; sourceTree = "<group>"; };
		78BB6AF919548C280016686C /* PlayScene.swift */ = {isa = PBXFileReference; fileEncoding = 4; lastKnownFileType = sourcecode.swift; path = PlayScene.swift; sourceTree = "<group>"; };
		78D9A4D119549BC200DD9659 /* BlockStatus.swift */ = {isa = PBXFileReference; fileEncoding = 4; lastKnownFileType = sourcecode.swift; path = BlockStatus.swift; sourceTree = "<group>"; };
		78E5BEE71958530000010FC5 /* MyPlayground.playground */ = {isa = PBXFileReference; lastKnownFileType = file.playground; path = MyPlayground.playground; sourceTree = "<group>"; };
/* End PBXFileReference section */

/* Begin PBXFrameworksBuildPhase section */
		781B157B1954823C0003CA5A /* Frameworks */ = {
			isa = PBXFrameworksBuildPhase;
			buildActionMask = 2147483647;
			files = (
			);
			runOnlyForDeploymentPostprocessing = 0;
		};
		781B15911954823C0003CA5A /* Frameworks */ = {
			isa = PBXFrameworksBuildPhase;
			buildActionMask = 2147483647;
			files = (
			);
			runOnlyForDeploymentPostprocessing = 0;
		};
/* End PBXFrameworksBuildPhase section */

/* Begin PBXGroup section */
		781B15751954823C0003CA5A = {
			isa = PBXGroup;
			children = (
				781B15801954823C0003CA5A /* Skiptaculous */,
				781B15971954823D0003CA5A /* SkiptaculousTests */,
				781B157F1954823C0003CA5A /* Products */,
			);
			sourceTree = "<group>";
		};
		781B157F1954823C0003CA5A /* Products */ = {
			isa = PBXGroup;
			children = (
				781B157E1954823C0003CA5A /* Skiptaculous.app */,
				781B15941954823C0003CA5A /* SkiptaculousTests.xctest */,
			);
			name = Products;
			sourceTree = "<group>";
		};
		781B15801954823C0003CA5A /* Skiptaculous */ = {
			isa = PBXGroup;
			children = (
				781B15831954823C0003CA5A /* AppDelegate.swift */,
				78E5BEE71958530000010FC5 /* MyPlayground.playground */,
				781B15851954823C0003CA5A /* GameScene.sks */,
				781B15871954823C0003CA5A /* GameScene.swift */,
				781B15891954823C0003CA5A /* GameViewController.swift */,
				781B158B1954823C0003CA5A /* Main.storyboard */,
				781B158E1954823C0003CA5A /* Images.xcassets */,
				781B15811954823C0003CA5A /* Supporting Files */,
				78BB6AF719548B030016686C /* UIColorExtension.swift */,
				78BB6AF919548C280016686C /* PlayScene.swift */,
				78D9A4D119549BC200DD9659 /* BlockStatus.swift */,
			);
			path = Skiptaculous;
			sourceTree = "<group>";
		};
		781B15811954823C0003CA5A /* Supporting Files */ = {
			isa = PBXGroup;
			children = (
				781B15821954823C0003CA5A /* Info.plist */,
			);
			name = "Supporting Files";
			sourceTree = "<group>";
		};
		781B15971954823D0003CA5A /* SkiptaculousTests */ = {
			isa = PBXGroup;
			children = (
				781B159A1954823D0003CA5A /* SkiptaculousTests.swift */,
				781B15981954823D0003CA5A /* Supporting Files */,
			);
			path = SkiptaculousTests;
			sourceTree = "<group>";
		};
		781B15981954823D0003CA5A /* Supporting Files */ = {
			isa = PBXGroup;
			children = (
				781B15991954823D0003CA5A /* Info.plist */,
			);
			name = "Supporting Files";
			sourceTree = "<group>";
		};
/* End PBXGroup section */

/* Begin PBXNativeTarget section */
		781B157D1954823C0003CA5A /* Skiptaculous */ = {
			isa = PBXNativeTarget;
			buildConfigurationList = 781B159E1954823D0003CA5A /* Build configuration list for PBXNativeTarget "Skiptaculous" */;
			buildPhases = (
				781B157A1954823C0003CA5A /* Sources */,
				781B157B1954823C0003CA5A /* Frameworks */,
				781B157C1954823C0003CA5A /* Resources */,
			);
			buildRules = (
			);
			dependencies = (
			);
			name = Skiptaculous;
			productName = Skiptaculous;
			productReference = 781B157E1954823C0003CA5A /* Skiptaculous.app */;
			productType = "com.apple.product-type.application";
		};
		781B15931954823C0003CA5A /* SkiptaculousTests */ = {
			isa = PBXNativeTarget;
			buildConfigurationList = 781B15A11954823D0003CA5A /* Build configuration list for PBXNativeTarget "SkiptaculousTests" */;
			buildPhases = (
				781B15901954823C0003CA5A /* Sources */,
				781B15911954823C0003CA5A /* Frameworks */,
				781B15921954823C0003CA5A /* Resources */,
			);
			buildRules = (
			);
			dependencies = (
				781B15961954823D0003CA5A /* PBXTargetDependency */,
			);
			name = SkiptaculousTests;
			productName = SkiptaculousTests;
			productReference = 781B15941954823C0003CA5A /* SkiptaculousTests.xctest */;
			productType = "com.apple.product-type.bundle.unit-test";
		};
/* End PBXNativeTarget section */

/* Begin PBXProject section */
		781B15761954823C0003CA5A /* Project object */ = {
			isa = PBXProject;
			attributes = {
				LastUpgradeCheck = 0600;
				ORGANIZATIONNAME = "Skip Wilson";
				TargetAttributes = {
					781B157D1954823C0003CA5A = {
						CreatedOnToolsVersion = 6.0;
					};
					781B15931954823C0003CA5A = {
						CreatedOnToolsVersion = 6.0;
						TestTargetID = 781B157D1954823C0003CA5A;
					};
				};
			};
			buildConfigurationList = 781B15791954823C0003CA5A /* Build configuration list for PBXProject "Skiptaculous" */;
			compatibilityVersion = "Xcode 3.2";
			developmentRegion = English;
			hasScannedForEncodings = 0;
			knownRegions = (
				en,
				Base,
			);
			mainGroup = 781B15751954823C0003CA5A;
			productRefGroup = 781B157F1954823C0003CA5A /* Products */;
			projectDirPath = "";
			projectRoot = "";
			targets = (
				781B157D1954823C0003CA5A /* Skiptaculous */,
				781B15931954823C0003CA5A /* SkiptaculousTests */,
			);
		};
/* End PBXProject section */

/* Begin PBXResourcesBuildPhase section */
		781B157C1954823C0003CA5A /* Resources */ = {
			isa = PBXResourcesBuildPhase;
			buildActionMask = 2147483647;
			files = (
				781B158F1954823C0003CA5A /* Images.xcassets in Resources */,
				781B15861954823C0003CA5A /* GameScene.sks in Resources */,
				781B158D1954823C0003CA5A /* Main.storyboard in Resources */,
			);
			runOnlyForDeploymentPostprocessing = 0;
		};
		781B15921954823C0003CA5A /* Resources */ = {
			isa = PBXResourcesBuildPhase;
			buildActionMask = 2147483647;
			files = (
			);
			runOnlyForDeploymentPostprocessing = 0;
		};
/* End PBXResourcesBuildPhase section */

/* Begin PBXSourcesBuildPhase section */
		781B157A1954823C0003CA5A /* Sources */ = {
			isa = PBXSourcesBuildPhase;
			buildActionMask = 2147483647;
			files = (
				781B15881954823C0003CA5A /* GameScene.swift in Sources */,
				78D9A4D219549BC200DD9659 /* BlockStatus.swift in Sources */,
				78BB6AFA19548C280016686C /* PlayScene.swift in Sources */,
				781B158A1954823C0003CA5A /* GameViewController.swift in Sources */,
				781B15841954823C0003CA5A /* AppDelegate.swift in Sources */,
				78BB6AF819548B030016686C /* UIColorExtension.swift in Sources */,
			);
			runOnlyForDeploymentPostprocessing = 0;
		};
		781B15901954823C0003CA5A /* Sources */ = {
			isa = PBXSourcesBuildPhase;
			buildActionMask = 2147483647;
			files = (
				781B159B1954823D0003CA5A /* SkiptaculousTests.swift in Sources */,
			);
			runOnlyForDeploymentPostprocessing = 0;
		};
/* End PBXSourcesBuildPhase section */

/* Begin PBXTargetDependency section */
		781B15961954823D0003CA5A /* PBXTargetDependency */ = {
			isa = PBXTargetDependency;
			target = 781B157D1954823C0003CA5A /* Skiptaculous */;
			targetProxy = 781B15951954823D0003CA5A /* PBXContainerItemProxy */;
		};
/* End PBXTargetDependency section */

/* Begin PBXVariantGroup section */
		781B158B1954823C0003CA5A /* Main.storyboard */ = {
			isa = PBXVariantGroup;
			children = (
				781B158C1954823C0003CA5A /* Base */,
			);
			name = Main.storyboard;
			sourceTree = "<group>";
		};
/* End PBXVariantGroup section */

/* Begin XCBuildConfiguration section */
		781B159C1954823D0003CA5A /* Debug */ = {
			isa = XCBuildConfiguration;
			buildSettings = {
				ALWAYS_SEARCH_USER_PATHS = NO;
				CLANG_CXX_LANGUAGE_STANDARD = "gnu++0x";
				CLANG_CXX_LIBRARY = "libc++";
				CLANG_ENABLE_MODULES = YES;
				CLANG_ENABLE_OBJC_ARC = YES;
				CLANG_WARN_BOOL_CONVERSION = YES;
				CLANG_WARN_CONSTANT_CONVERSION = YES;
				CLANG_WARN_DIRECT_OBJC_ISA_USAGE = YES_ERROR;
				CLANG_WARN_EMPTY_BODY = YES;
				CLANG_WARN_ENUM_CONVERSION = YES;
				CLANG_WARN_INT_CONVERSION = YES;
				CLANG_WARN_OBJC_ROOT_CLASS = YES_ERROR;
				CLANG_WARN_UNREACHABLE_CODE = YES;
				CLANG_WARN__DUPLICATE_METHOD_MATCH = YES;
				"CODE_SIGN_IDENTITY[sdk=iphoneos*]" = "iPhone Developer";
				COPY_PHASE_STRIP = NO;
				ENABLE_STRICT_OBJC_MSGSEND = YES;
				GCC_C_LANGUAGE_STANDARD = gnu99;
				GCC_DYNAMIC_NO_PIC = NO;
				GCC_OPTIMIZATION_LEVEL = 0;
				GCC_PREPROCESSOR_DEFINITIONS = (
					"DEBUG=1",
					"$(inherited)",
				);
				GCC_SYMBOLS_PRIVATE_EXTERN = NO;
				GCC_WARN_64_TO_32_BIT_CONVERSION = YES;
				GCC_WARN_ABOUT_RETURN_TYPE = YES_ERROR;
				GCC_WARN_UNDECLARED_SELECTOR = YES;
				GCC_WARN_UNINITIALIZED_AUTOS = YES_AGGRESSIVE;
				GCC_WARN_UNUSED_FUNCTION = YES;
				GCC_WARN_UNUSED_VARIABLE = YES;
				IPHONEOS_DEPLOYMENT_TARGET = 8.0;
				METAL_ENABLE_DEBUG_INFO = YES;
				ONLY_ACTIVE_ARCH = YES;
				SDKROOT = iphoneos;
				SWIFT_OPTIMIZATION_LEVEL = "-Onone";
				TARGETED_DEVICE_FAMILY = "1,2";
			};
			name = Debug;
		};
		781B159D1954823D0003CA5A /* Release */ = {
			isa = XCBuildConfiguration;
			buildSettings = {
				ALWAYS_SEARCH_USER_PATHS = NO;
				CLANG_CXX_LANGUAGE_STANDARD = "gnu++0x";
				CLANG_CXX_LIBRARY = "libc++";
				CLANG_ENABLE_MODULES = YES;
				CLANG_ENABLE_OBJC_ARC = YES;
				CLANG_WARN_BOOL_CONVERSION = YES;
				CLANG_WARN_CONSTANT_CONVERSION = YES;
				CLANG_WARN_DIRECT_OBJC_ISA_USAGE = YES_ERROR;
				CLANG_WARN_EMPTY_BODY = YES;
				CLANG_WARN_ENUM_CONVERSION = YES;
				CLANG_WARN_INT_CONVERSION = YES;
				CLANG_WARN_OBJC_ROOT_CLASS = YES_ERROR;
				CLANG_WARN_UNREACHABLE_CODE = YES;
				CLANG_WARN__DUPLICATE_METHOD_MATCH = YES;
				"CODE_SIGN_IDENTITY[sdk=iphoneos*]" = "iPhone Developer";
				COPY_PHASE_STRIP = YES;
				ENABLE_NS_ASSERTIONS = NO;
				ENABLE_STRICT_OBJC_MSGSEND = YES;
				GCC_C_LANGUAGE_STANDARD = gnu99;
				GCC_WARN_64_TO_32_BIT_CONVERSION = YES;
				GCC_WARN_ABOUT_RETURN_TYPE = YES_ERROR;
				GCC_WARN_UNDECLARED_SELECTOR = YES;
				GCC_WARN_UNINITIALIZED_AUTOS = YES_AGGRESSIVE;
				GCC_WARN_UNUSED_FUNCTION = YES;
				GCC_WARN_UNUSED_VARIABLE = YES;
				IPHONEOS_DEPLOYMENT_TARGET = 8.0;
				METAL_ENABLE_DEBUG_INFO = NO;
				SDKROOT = iphoneos;
				TARGETED_DEVICE_FAMILY = "1,2";
				VALIDATE_PRODUCT = YES;
			};
			name = Release;
		};
		781B159F1954823D0003CA5A /* Debug */ = {
			isa = XCBuildConfiguration;
			buildSettings = {
				ASSETCATALOG_COMPILER_APPICON_NAME = AppIcon;
				ASSETCATALOG_COMPILER_LAUNCHIMAGE_NAME = LaunchImage;
				INFOPLIST_FILE = Skiptaculous/Info.plist;
				LD_RUNPATH_SEARCH_PATHS = "$(inherited) @executable_path/Frameworks";
				PRODUCT_NAME = "$(TARGET_NAME)";
			};
			name = Debug;
		};
		781B15A01954823D0003CA5A /* Release */ = {
			isa = XCBuildConfiguration;
			buildSettings = {
				ASSETCATALOG_COMPILER_APPICON_NAME = AppIcon;
				ASSETCATALOG_COMPILER_LAUNCHIMAGE_NAME = LaunchImage;
				INFOPLIST_FILE = Skiptaculous/Info.plist;
				LD_RUNPATH_SEARCH_PATHS = "$(inherited) @executable_path/Frameworks";
				PRODUCT_NAME = "$(TARGET_NAME)";
			};
			name = Release;
		};
		781B15A21954823D0003CA5A /* Debug */ = {
			isa = XCBuildConfiguration;
			buildSettings = {
				BUNDLE_LOADER = "$(BUILT_PRODUCTS_DIR)/Skiptaculous.app/Skiptaculous";
				FRAMEWORK_SEARCH_PATHS = (
					"$(SDKROOT)/Developer/Library/Frameworks",
					"$(inherited)",
				);
				GCC_PREPROCESSOR_DEFINITIONS = (
					"DEBUG=1",
					"$(inherited)",
				);
				INFOPLIST_FILE = SkiptaculousTests/Info.plist;
				LD_RUNPATH_SEARCH_PATHS = "$(inherited) @executable_path/Frameworks @loader_path/Frameworks";
				METAL_ENABLE_DEBUG_INFO = YES;
				PRODUCT_NAME = "$(TARGET_NAME)";
				TEST_HOST = "$(BUNDLE_LOADER)";
			};
			name = Debug;
		};
		781B15A31954823D0003CA5A /* Release */ = {
			isa = XCBuildConfiguration;
			buildSettings = {
				BUNDLE_LOADER = "$(BUILT_PRODUCTS_DIR)/Skiptaculous.app/Skiptaculous";
				FRAMEWORK_SEARCH_PATHS = (
					"$(SDKROOT)/Developer/Library/Frameworks",
					"$(inherited)",
				);
				INFOPLIST_FILE = SkiptaculousTests/Info.plist;
				LD_RUNPATH_SEARCH_PATHS = "$(inherited) @executable_path/Frameworks @loader_path/Frameworks";
				METAL_ENABLE_DEBUG_INFO = NO;
				PRODUCT_NAME = "$(TARGET_NAME)";
				TEST_HOST = "$(BUNDLE_LOADER)";
			};
			name = Release;
		};
/* End XCBuildConfiguration section */

/* Begin XCConfigurationList section */
		781B15791954823C0003CA5A /* Build configuration list for PBXProject "Skiptaculous" */ = {
			isa = XCConfigurationList;
			buildConfigurations = (
				781B159C1954823D0003CA5A /* Debug */,
				781B159D1954823D0003CA5A /* Release */,
			);
			defaultConfigurationIsVisible = 0;
			defaultConfigurationName = Release;
		};
		781B159E1954823D0003CA5A /* Build configuration list for PBXNativeTarget "Skiptaculous" */ = {
			isa = XCConfigurationList;
			buildConfigurations = (
				781B159F1954823D0003CA5A /* Debug */,
				781B15A01954823D0003CA5A /* Release */,
			);
			defaultConfigurationIsVisible = 0;
			defaultConfigurationName = Release;
		};
		781B15A11954823D0003CA5A /* Build configuration list for PBXNativeTarget "SkiptaculousTests" */ = {
			isa = XCConfigurationList;
			buildConfigurations = (
				781B15A21954823D0003CA5A /* Debug */,
				781B15A31954823D0003CA5A /* Release */,
			);
			defaultConfigurationIsVisible = 0;
			defaultConfigurationName = Release;
		};
/* End XCConfigurationList section */
	};
	rootObject = 781B15761954823C0003CA5A /* Project object */;
}
